Microsoft Visual Studio Solution File, Format Version 12.00
# Visual Studio Version 17
VisualStudioVersion = 17.5.2.0
MinimumVisualStudioVersion = 10.0.40219.1
Project("{FAE04EC0-301F-11D3-BF4B-00C04F79EFBC}") = "ZambeelApp", "ZambeelApp\ZambeelApp.csproj", "{5DE63F21-51E7-1979-AA78-C9C5AC76DDCC}"
EndProject
Global
	GlobalSection(SolutionConfigurationPlatforms) = preSolution
		Debug|Any CPU = Debug|Any CPU
		Release|Any CPU = Release|Any CPU
	EndGlobalSection
	GlobalSection(ProjectConfigurationPlatforms) = postSolution
		{5DE63F21-51E7-1979-AA78-C9C5AC76DDCC}.Debug|Any CPU.ActiveCfg = Debug|Any CPU
		{5DE63F21-51E7-1979-AA78-C9C5AC76DDCC}.Debug|Any CPU.Build.0 = Debug|Any CPU
		{5DE63F21-51E7-1979-AA78-C9C5AC76DDCC}.Release|Any CPU.ActiveCfg = Release|Any CPU
		{5DE63F21-51E7-1979-AA78-C9C5AC76DDCC}.Release|Any CPU.Build.0 = Release|Any CPU
	EndGlobalSection
	GlobalSection(SolutionProperties) = preSolution
		HideSolutionNode = FALSE
	EndGlobalSection
	GlobalSection(ExtensibilityGlobals) = postSolution
		SolutionGuid = {2306E4A9-1FDE-4946-B63D-004414A20A67}
	EndGlobalSection
EndGlobal
